
Microsoft Visual Studio Solution File, Format Version 12.00
# Visual Studio Version 16
VisualStudioVersion = 16.0.29411.108
MinimumVisualStudioVersion = 10.0.40219.1
Project("{FAE04EC0-301F-11D3-BF4B-00C04F79EFBC}") = "sistemasfrotas", "sistemasfrotas.csproj", "{05CA960B-EE51-4B09-9935-CD0CB9E71C44}"
EndProject
Project("{54435603-DBB4-11D2-8724-00A0C9A8B90C}") = "Instalador", "..\..\Documents\GitHub\gerenciamento-de-frotas\Instalador\Instalador.vdproj", "{3110B1EC-479B-4784-BA64-38369035E2F8}"
EndProject
Global
	GlobalSection(SolutionConfigurationPlatforms) = preSolution
		Debug|Any CPU = Debug|Any CPU
		Release|Any CPU = Release|Any CPU
	EndGlobalSection
	GlobalSection(ProjectConfigurationPlatforms) = postSolution
		{05CA960B-EE51-4B09-9935-CD0CB9E71C44}.Debug|Any CPU.ActiveCfg = Debug|Any CPU
		{05CA960B-EE51-4B09-9935-CD0CB9E71C44}.Debug|Any CPU.Build.0 = Debug|Any CPU
		{05CA960B-EE51-4B09-9935-CD0CB9E71C44}.Release|Any CPU.ActiveCfg = Release|Any CPU
		{05CA960B-EE51-4B09-9935-CD0CB9E71C44}.Release|Any CPU.Build.0 = Release|Any CPU
		{3110B1EC-479B-4784-BA64-38369035E2F8}.Debug|Any CPU.ActiveCfg = Debug
		{3110B1EC-479B-4784-BA64-38369035E2F8}.Release|Any CPU.ActiveCfg = Release
	EndGlobalSection
	GlobalSection(SolutionProperties) = preSolution
		HideSolutionNode = FALSE
	EndGlobalSection
	GlobalSection(ExtensibilityGlobals) = postSolution
		SolutionGuid = {5AE4A5D5-29F5-4C40-A512-92FC4960DE52}
	EndGlobalSection
EndGlobal
